
Microsoft Visual Studio Solution File, Format Version 12.00
# Visual Studio Version 16
VisualStudioVersion = 16.0.32002.261
MinimumVisualStudioVersion = 10.0.40219.1
Project("{FAE04EC0-301F-11D3-BF4B-00C04F79EFBC}") = "FormListView", "FormListView.csproj", "{442FB5CE-B145-4404-92CF-D54C6C65C723}"
EndProject
Global
	GlobalSection(SolutionConfigurationPlatforms) = preSolution
		Debug|Any CPU = Debug|Any CPU
		Release|Any CPU = Release|Any CPU
	EndGlobalSection
	GlobalSection(ProjectConfigurationPlatforms) = postSolution
		{442FB5CE-B145-4404-92CF-D54C6C65C723}.Debug|Any CPU.ActiveCfg = Debug|Any CPU
		{442FB5CE-B145-4404-92CF-D54C6C65C723}.Debug|Any CPU.Build.0 = Debug|Any CPU
		{442FB5CE-B145-4404-92CF-D54C6C65C723}.Release|Any CPU.ActiveCfg = Release|Any CPU
		{442FB5CE-B145-4404-92CF-D54C6C65C723}.Release|Any CPU.Build.0 = Release|Any CPU
	EndGlobalSection
	GlobalSection(SolutionProperties) = preSolution
		HideSolutionNode = FALSE
	EndGlobalSection
	GlobalSection(ExtensibilityGlobals) = postSolution
		SolutionGuid = {77D72F6E-B9CA-4023-A939-99B7F388ACFC}
	EndGlobalSection
EndGlobal
