
Microsoft Visual Studio Solution File, Format Version 12.00
# Visual Studio Version 16
VisualStudioVersion = 16.0.31911.196
MinimumVisualStudioVersion = 10.0.40219.1
Project("{FAE04EC0-301F-11D3-BF4B-00C04F79EFBC}") = "Form_DateTimePicker", "Form_DateTimePicker.csproj", "{C1CB9FA4-8CFE-43A0-97F4-F3CEF3BE041D}"
EndProject
Global
	GlobalSection(SolutionConfigurationPlatforms) = preSolution
		Debug|Any CPU = Debug|Any CPU
		Release|Any CPU = Release|Any CPU
	EndGlobalSection
	GlobalSection(ProjectConfigurationPlatforms) = postSolution
		{C1CB9FA4-8CFE-43A0-97F4-F3CEF3BE041D}.Debug|Any CPU.ActiveCfg = Debug|Any CPU
		{C1CB9FA4-8CFE-43A0-97F4-F3CEF3BE041D}.Debug|Any CPU.Build.0 = Debug|Any CPU
		{C1CB9FA4-8CFE-43A0-97F4-F3CEF3BE041D}.Release|Any CPU.ActiveCfg = Release|Any CPU
		{C1CB9FA4-8CFE-43A0-97F4-F3CEF3BE041D}.Release|Any CPU.Build.0 = Release|Any CPU
	EndGlobalSection
	GlobalSection(SolutionProperties) = preSolution
		HideSolutionNode = FALSE
	EndGlobalSection
	GlobalSection(ExtensibilityGlobals) = postSolution
		SolutionGuid = {F259E98F-DD4F-44F8-9AB4-74E9DFCCCBA7}
	EndGlobalSection
EndGlobal
